
Microsoft Visual Studio Solution File, Format Version 12.00
# Visual Studio Version 16
VisualStudioVersion = 16.0.32228.343
MinimumVisualStudioVersion = 10.0.40219.1
Project("{FAE04EC0-301F-11D3-BF4B-00C04F79EFBC}") = "BookStore", "BookStore\BookStore.csproj", "{0E66AC86-BF12-4BDF-854E-31941048AE0C}"
EndProject
Global
	GlobalSection(SolutionConfigurationPlatforms) = preSolution
		Debug|Any CPU = Debug|Any CPU
		Release|Any CPU = Release|Any CPU
	EndGlobalSection
	GlobalSection(ProjectConfigurationPlatforms) = postSolution
		{0E66AC86-BF12-4BDF-854E-31941048AE0C}.Debug|Any CPU.ActiveCfg = Debug|Any CPU
		{0E66AC86-BF12-4BDF-854E-31941048AE0C}.Debug|Any CPU.Build.0 = Debug|Any CPU
		{0E66AC86-BF12-4BDF-854E-31941048AE0C}.Release|Any CPU.ActiveCfg = Release|Any CPU
		{0E66AC86-BF12-4BDF-854E-31941048AE0C}.Release|Any CPU.Build.0 = Release|Any CPU
	EndGlobalSection
	GlobalSection(SolutionProperties) = preSolution
		HideSolutionNode = FALSE
	EndGlobalSection
	GlobalSection(ExtensibilityGlobals) = postSolution
		SolutionGuid = {2D7E5DA9-CEFC-403A-B3DD-B02BF4BC919A}
	EndGlobalSection
EndGlobal
